
Microsoft Visual Studio Solution File, Format Version 12.00
# Visual Studio Version 16
VisualStudioVersion = 16.0.30204.135
MinimumVisualStudioVersion = 10.0.40219.1
Project("{8BC9CEB8-8B4A-11D0-8D11-00A0C91BC942}") = "dazzleUP", "dazzleUP.vcxproj", "{FE8F0D23-BDD1-416D-8285-F947BA86D155}"
EndProject
Project("{8BC9CEB8-8B4A-11D0-8D11-00A0C91BC942}") = "dazzleUP_Reflective_DLL", "dazzleUP_Reflective_DLL\dazzleUP_Reflective_DLL\dazzleUP_Reflective_DLL.vcxproj", "{9A8D4B82-407C-4EB8-B389-B614A806174A}"
EndProject
Global
	GlobalSection(SolutionConfigurationPlatforms) = preSolution
		Debug|x64 = Debug|x64
		Debug|x86 = Debug|x86
		Release|x64 = Release|x64
		Release|x86 = Release|x86
	EndGlobalSection
	GlobalSection(ProjectConfigurationPlatforms) = postSolution
		{FE8F0D23-BDD1-416D-8285-F947BA86D155}.Debug|x64.ActiveCfg = Debug|x64
		{FE8F0D23-BDD1-416D-8285-F947BA86D155}.Debug|x64.Build.0 = Debug|x64
		{FE8F0D23-BDD1-416D-8285-F947BA86D155}.Debug|x86.ActiveCfg = Debug|Win32
		{FE8F0D23-BDD1-416D-8285-F947BA86D155}.Debug|x86.Build.0 = Debug|Win32
		{FE8F0D23-BDD1-416D-8285-F947BA86D155}.Release|x64.ActiveCfg = Release|x64
		{FE8F0D23-BDD1-416D-8285-F947BA86D155}.Release|x64.Build.0 = Release|x64
		{FE8F0D23-BDD1-416D-8285-F947BA86D155}.Release|x86.ActiveCfg = Release|Win32
		{FE8F0D23-BDD1-416D-8285-F947BA86D155}.Release|x86.Build.0 = Release|Win32
		{9A8D4B82-407C-4EB8-B389-B614A806174A}.Debug|x64.ActiveCfg = Debug|x64
		{9A8D4B82-407C-4EB8-B389-B614A806174A}.Debug|x64.Build.0 = Debug|x64
		{9A8D4B82-407C-4EB8-B389-B614A806174A}.Debug|x86.ActiveCfg = Debug|Win32
		{9A8D4B82-407C-4EB8-B389-B614A806174A}.Debug|x86.Build.0 = Debug|Win32
		{9A8D4B82-407C-4EB8-B389-B614A806174A}.Release|x64.ActiveCfg = Release|x64
		{9A8D4B82-407C-4EB8-B389-B614A806174A}.Release|x64.Build.0 = Release|x64
		{9A8D4B82-407C-4EB8-B389-B614A806174A}.Release|x86.ActiveCfg = Release|Win32
		{9A8D4B82-407C-4EB8-B389-B614A806174A}.Release|x86.Build.0 = Release|Win32
	EndGlobalSection
	GlobalSection(SolutionProperties) = preSolution
		HideSolutionNode = FALSE
	EndGlobalSection
	GlobalSection(ExtensibilityGlobals) = postSolution
		SolutionGuid = {2731DBD1-7361-41B6-BB91-B193855D6C3C}
	EndGlobalSection
EndGlobal
